
Microsoft Visual Studio Solution File, Format Version 12.00
# Visual Studio Version 17
VisualStudioVersion = 17.9.34902.65
MinimumVisualStudioVersion = 10.0.40219.1
Project("{9A19103F-16F7-4668-BE54-9A1E7A4F7556}") = "RagnarockWebApp", "RagnarockWebApp.csproj", "{915D0849-5DB5-460A-B317-11C665BFB80F}"
EndProject
Global
	GlobalSection(SolutionConfigurationPlatforms) = preSolution
		Debug|Any CPU = Debug|Any CPU
		Release|Any CPU = Release|Any CPU
	EndGlobalSection
	GlobalSection(ProjectConfigurationPlatforms) = postSolution
		{915D0849-5DB5-460A-B317-11C665BFB80F}.Debug|Any CPU.ActiveCfg = Debug|Any CPU
		{915D0849-5DB5-460A-B317-11C665BFB80F}.Debug|Any CPU.Build.0 = Debug|Any CPU
		{915D0849-5DB5-460A-B317-11C665BFB80F}.Release|Any CPU.ActiveCfg = Release|Any CPU
		{915D0849-5DB5-460A-B317-11C665BFB80F}.Release|Any CPU.Build.0 = Release|Any CPU
	EndGlobalSection
	GlobalSection(SolutionProperties) = preSolution
		HideSolutionNode = FALSE
	EndGlobalSection
	GlobalSection(ExtensibilityGlobals) = postSolution
		SolutionGuid = {D68D69B0-5B70-4D28-A7F5-AC1305A5C620}
	EndGlobalSection
EndGlobal
